
Microsoft Visual Studio Solution File, Format Version 12.00
# Visual Studio Version 16
VisualStudioVersion = 25.0.1703.8
MinimumVisualStudioVersion = 10.0.40219.1
Project("{FAE04EC0-301F-11D3-BF4B-00C04F79EFBC}") = "Guess_the_number_program", "Guess_the_number_program\Guess_the_number_program.csproj", "{59D9B0A7-6984-4098-9D2A-55CFFC0A266E}"
EndProject
Global
	GlobalSection(SolutionConfigurationPlatforms) = preSolution
		Debug|Any CPU = Debug|Any CPU
		Release|Any CPU = Release|Any CPU
	EndGlobalSection
	GlobalSection(ProjectConfigurationPlatforms) = postSolution
		{59D9B0A7-6984-4098-9D2A-55CFFC0A266E}.Debug|Any CPU.ActiveCfg = Debug|Any CPU
		{59D9B0A7-6984-4098-9D2A-55CFFC0A266E}.Debug|Any CPU.Build.0 = Debug|Any CPU
		{59D9B0A7-6984-4098-9D2A-55CFFC0A266E}.Release|Any CPU.ActiveCfg = Release|Any CPU
		{59D9B0A7-6984-4098-9D2A-55CFFC0A266E}.Release|Any CPU.Build.0 = Release|Any CPU
	EndGlobalSection
	GlobalSection(SolutionProperties) = preSolution
		HideSolutionNode = FALSE
	EndGlobalSection
	GlobalSection(ExtensibilityGlobals) = postSolution
		SolutionGuid = {112B1434-1998-449E-A1EE-A6AC01306F5A}
	EndGlobalSection
EndGlobal
